PODS:
  - YJingCategories (1.0.0):
    - YJingCategories/Category (= 1.0.0)
    - YJingCategories/Core (= 1.0.0)
  - YJingCategories/Category (1.0.0):
    - YJingCategories/Category/NSDictionary (= 1.0.0)
    - YJingCategories/Category/NSObject (= 1.0.0)
    - YJingCategories/Category/NSString (= 1.0.0)
    - YJingCategories/Category/UIButton (= 1.0.0)
    - YJingCategories/Category/UIColor (= 1.0.0)
    - YJingCategories/Category/UIImage (= 1.0.0)
    - YJingCategories/Category/UIResponder (= 1.0.0)
    - YJingCategories/Category/UIView (= 1.0.0)
  - YJingCategories/Category/NSDictionary (1.0.0)
  - YJingCategories/Category/NSObject (1.0.0)
  - YJingCategories/Category/NSString (1.0.0)
  - YJingCategories/Category/UIButton (1.0.0)
  - YJingCategories/Category/UIColor (1.0.0)
  - YJingCategories/Category/UIImage (1.0.0)
  - YJingCategories/Category/UIResponder (1.0.0)
  - YJingCategories/Category/UIView (1.0.0)
  - YJingCategories/Core (1.0.0):
    - YJingCategories/Category

DEPENDENCIES:
  - YJingCategories (from `../`)

EXTERNAL SOURCES:
  YJingCategories:
    :path: "../"

SPEC CHECKSUMS:
  YJingCategories: 3915fc3c6459e5ac350bcb2f77c390ffae51fe29

PODFILE CHECKSUM: d8923f55754a37a608c404ff6a29cba541d805a5

COCOAPODS: 1.9.3
